
Microsoft Visual Studio Solution File, Format Version 12.00
# Visual Studio Version 17
VisualStudioVersion = 17.4.33103.184
MinimumVisualStudioVersion = 10.0.40219.1
Project("{FAE04EC0-301F-11D3-BF4B-00C04F79EFBC}") = "WinFormsApp1", "WinFormsApp1\WinFormsApp1.csproj", "{61A0C2D4-D054-4367-9AF7-E06BB11D8A1B}"
EndProject
Global
	GlobalSection(SolutionConfigurationPlatforms) = preSolution
		Debug|Any CPU = Debug|Any CPU
		Release|Any CPU = Release|Any CPU
	EndGlobalSection
	GlobalSection(ProjectConfigurationPlatforms) = postSolution
		{61A0C2D4-D054-4367-9AF7-E06BB11D8A1B}.Debug|Any CPU.ActiveCfg = Debug|Any CPU
		{61A0C2D4-D054-4367-9AF7-E06BB11D8A1B}.Debug|Any CPU.Build.0 = Debug|Any CPU
		{61A0C2D4-D054-4367-9AF7-E06BB11D8A1B}.Release|Any CPU.ActiveCfg = Release|Any CPU
		{61A0C2D4-D054-4367-9AF7-E06BB11D8A1B}.Release|Any CPU.Build.0 = Release|Any CPU
	EndGlobalSection
	GlobalSection(SolutionProperties) = preSolution
		HideSolutionNode = FALSE
	EndGlobalSection
	GlobalSection(ExtensibilityGlobals) = postSolution
		SolutionGuid = {60FC0051-10BE-48B0-B200-5D13163D4DDC}
	EndGlobalSection
EndGlobal
